// !$*UTF8*$!
{
	archiveVersion = 1;
	classes = {
	};
	objectVersion = 56;
	objects = {

/* Begin PBXBuildFile section */
		26385C662B3272AE00FD98AE /* chatappApp.swift in Sources */ = {isa = PBXBuildFile; fileRef = 26385C652B3272AE00FD98AE /* chatappApp.swift */; };
		26385C6A2B3272AF00FD98AE /* Assets.xcassets in Resources */ = {isa = PBXBuildFile; fileRef = 26385C692B3272AF00FD98AE /* Assets.xcassets */; };
		26385C6D2B3272AF00FD98AE /* Preview Assets.xcassets in Resources */ = {isa = PBXBuildFile; fileRef = 26385C6C2B3272AF00FD98AE /* Preview Assets.xcassets */; };
		26385C742B3272F500FD98AE /* ChatView.swift in Sources */ = {isa = PBXBuildFile; fileRef = 26385C732B3272F500FD98AE /* ChatView.swift */; };
		26385C762B33B43600FD98AE /* MessageRow.swift in Sources */ = {isa = PBXBuildFile; fileRef = 26385C752B33B43600FD98AE /* MessageRow.swift */; };
		26385C7A2B35784E00FD98AE /* User.swift in Sources */ = {isa = PBXBuildFile; fileRef = 26385C792B35784E00FD98AE /* User.swift */; };
		26385C7E2B357A7400FD98AE /* Message.swift in Sources */ = {isa = PBXBuildFile; fileRef = 26385C7D2B357A7400FD98AE /* Message.swift */; };
		26385C802B357BB400FD98AE /* Chat.swift in Sources */ = {isa = PBXBuildFile; fileRef = 26385C7F2B357BB400FD98AE /* Chat.swift */; };
		26385C832B35807000FD98AE /* chatData.json in Resources */ = {isa = PBXBuildFile; fileRef = 26385C822B35807000FD98AE /* chatData.json */; };
		26385C862B3581EE00FD98AE /* ChatViewModel.swift in Sources */ = {isa = PBXBuildFile; fileRef = 26385C852B3581EE00FD98AE /* ChatViewModel.swift */; };
		26385C882B37D00800FD98AE /* ListView.swift in Sources */ = {isa = PBXBuildFile; fileRef = 26385C872B37D00800FD98AE /* ListView.swift */; };
/* End PBXBuildFile section */

/* Begin PBXFileReference section */
		26385C622B3272AE00FD98AE /* chatapp.app */ = {isa = PBXFileReference; explicitFileType = wrapper.application; includeInIndex = 0; path = chatapp.app; sourceTree = BUILT_PRODUCTS_DIR; };
		26385C652B3272AE00FD98AE /* chatappApp.swift */ = {isa = PBXFileReference; lastKnownFileType = sourcecode.swift; path = chatappApp.swift; sourceTree = "<group>"; };
		26385C692B3272AF00FD98AE /* Assets.xcassets */ = {isa = PBXFileReference; lastKnownFileType = folder.assetcatalog; path = Assets.xcassets; sourceTree = "<group>"; };
		26385C6C2B3272AF00FD98AE /* Preview Assets.xcassets */ = {isa = PBXFileReference; lastKnownFileType = folder.assetcatalog; path = "Preview Assets.xcassets"; sourceTree = "<group>"; };
		26385C732B3272F500FD98AE /* ChatView.swift */ = {isa = PBXFileReference; lastKnownFileType = sourcecode.swift; path = ChatView.swift; sourceTree = "<group>"; };
		26385C752B33B43600FD98AE /* MessageRow.swift */ = {isa = PBXFileReference; lastKnownFileType = sourcecode.swift; path = MessageRow.swift; sourceTree = "<group>"; };
		26385C792B35784E00FD98AE /* User.swift */ = {isa = PBXFileReference; lastKnownFileType = sourcecode.swift; path = User.swift; sourceTree = "<group>"; };
		26385C7D2B357A7400FD98AE /* Message.swift */ = {isa = PBXFileReference; lastKnownFileType = sourcecode.swift; path = Message.swift; sourceTree = "<group>"; };
		26385C7F2B357BB400FD98AE /* Chat.swift */ = {isa = PBXFileReference; lastKnownFileType = sourcecode.swift; path = Chat.swift; sourceTree = "<group>"; };
		26385C822B35807000FD98AE /* chatData.json */ = {isa = PBXFileReference; fileEncoding = 4; lastKnownFileType = text.json; path = chatData.json; sourceTree = "<group>"; };
		26385C852B3581EE00FD98AE /* ChatViewModel.swift */ = {isa = PBXFileReference; lastKnownFileType = sourcecode.swift; path = ChatViewModel.swift; sourceTree = "<group>"; };
		26385C872B37D00800FD98AE /* ListView.swift */ = {isa = PBXFileReference; lastKnownFileType = sourcecode.swift; path = ListView.swift; sourceTree = "<group>"; };
/* End PBXFileReference section */

/* Begin PBXFrameworksBuildPhase section */
		26385C5F2B3272AE00FD98AE /* Frameworks */ = {
			isa = PBXFrameworksBuildPhase;
			buildActionMask = 2147483647;
			files = (
			);
			runOnlyForDeploymentPostprocessing = 0;
		};
/* End PBXFrameworksBuildPhase section */

/* Begin PBXGroup section */
		26385C592B3272AE00FD98AE = {
			isa = PBXGroup;
			children = (
				26385C642B3272AE00FD98AE /* chatapp */,
				26385C632B3272AE00FD98AE /* Products */,
			);
			sourceTree = "<group>";
		};
		26385C632B3272AE00FD98AE /* Products */ = {
			isa = PBXGroup;
			children = (
				26385C622B3272AE00FD98AE /* chatapp.app */,
			);
			name = Products;
			sourceTree = "<group>";
		};
		26385C642B3272AE00FD98AE /* chatapp */ = {
			isa = PBXGroup;
			children = (
				26385C842B3581D400FD98AE /* ViewModels */,
				26385C782B35783200FD98AE /* Models */,
				26385C652B3272AE00FD98AE /* chatappApp.swift */,
				26385C812B35803100FD98AE /* DataServices */,
				26385C772B33B45500FD98AE /* Views */,
				26385C692B3272AF00FD98AE /* Assets.xcassets */,
				26385C6B2B3272AF00FD98AE /* Preview Content */,
			);
			path = chatapp;
			sourceTree = "<group>";
		};
		26385C6B2B3272AF00FD98AE /* Preview Content */ = {
			isa = PBXGroup;
			children = (
				26385C6C2B3272AF00FD98AE /* Preview Assets.xcassets */,
			);
			path = "Preview Content";
			sourceTree = "<group>";
		};
		26385C772B33B45500FD98AE /* Views */ = {
			isa = PBXGroup;
			children = (
				26385C872B37D00800FD98AE /* ListView.swift */,
				26385C732B3272F500FD98AE /* ChatView.swift */,
				26385C752B33B43600FD98AE /* MessageRow.swift */,
			);
			path = Views;
			sourceTree = "<group>";
		};
		26385C782B35783200FD98AE /* Models */ = {
			isa = PBXGroup;
			children = (
				26385C792B35784E00FD98AE /* User.swift */,
				26385C7D2B357A7400FD98AE /* Message.swift */,
				26385C7F2B357BB400FD98AE /* Chat.swift */,
			);
			path = Models;
			sourceTree = "<group>";
		};
		26385C812B35803100FD98AE /* DataServices */ = {
			isa = PBXGroup;
			children = (
				26385C822B35807000FD98AE /* chatData.json */,
			);
			path = DataServices;
			sourceTree = "<group>";
		};
		26385C842B3581D400FD98AE /* ViewModels */ = {
			isa = PBXGroup;
			children = (
				26385C852B3581EE00FD98AE /* ChatViewModel.swift */,
			);
			path = ViewModels;
			sourceTree = "<group>";
		};
/* End PBXGroup section */

/* Begin PBXNativeTarget section */
		26385C612B3272AE00FD98AE /* chatapp */ = {
			isa = PBXNativeTarget;
			buildConfigurationList = 26385C702B3272AF00FD98AE /* Build configuration list for PBXNativeTarget "chatapp" */;
			buildPhases = (
				26385C5E2B3272AE00FD98AE /* Sources */,
				26385C5F2B3272AE00FD98AE /* Frameworks */,
				26385C602B3272AE00FD98AE /* Resources */,
			);
			buildRules = (
			);
			dependencies = (
			);
			name = chatapp;
			productName = chatapp;
			productReference = 26385C622B3272AE00FD98AE /* chatapp.app */;
			productType = "com.apple.product-type.application";
		};
/* End PBXNativeTarget section */

/* Begin PBXProject section */
		26385C5A2B3272AE00FD98AE /* Project object */ = {
			isa = PBXProject;
			attributes = {
				BuildIndependentTargetsInParallel = 1;
				LastSwiftUpdateCheck = 1500;
				LastUpgradeCheck = 1500;
				TargetAttributes = {
					26385C612B3272AE00FD98AE = {
						CreatedOnToolsVersion = 15.0;
					};
				};
			};
			buildConfigurationList = 26385C5D2B3272AE00FD98AE /* Build configuration list for PBXProject "chatapp" */;
			compatibilityVersion = "Xcode 14.0";
			developmentRegion = en;
			hasScannedForEncodings = 0;
			knownRegions = (
				en,
				Base,
			);
			mainGroup = 26385C592B3272AE00FD98AE;
			productRefGroup = 26385C632B3272AE00FD98AE /* Products */;
			projectDirPath = "";
			projectRoot = "";
			targets = (
				26385C612B3272AE00FD98AE /* chatapp */,
			);
		};
/* End PBXProject section */

/* Begin PBXResourcesBuildPhase section */
		26385C602B3272AE00FD98AE /* Resources */ = {
			isa = PBXResourcesBuildPhase;
			buildActionMask = 2147483647;
			files = (
				26385C6D2B3272AF00FD98AE /* Preview Assets.xcassets in Resources */,
				26385C832B35807000FD98AE /* chatData.json in Resources */,
				26385C6A2B3272AF00FD98AE /* Assets.xcassets in Resources */,
			);
			runOnlyForDeploymentPostprocessing = 0;
		};
/* End PBXResourcesBuildPhase section */

/* Begin PBXSourcesBuildPhase section */
		26385C5E2B3272AE00FD98AE /* Sources */ = {
			isa = PBXSourcesBuildPhase;
			buildActionMask = 2147483647;
			files = (
				26385C882B37D00800FD98AE /* ListView.swift in Sources */,
				26385C7A2B35784E00FD98AE /* User.swift in Sources */,
				26385C862B3581EE00FD98AE /* ChatViewModel.swift in Sources */,
				26385C802B357BB400FD98AE /* Chat.swift in Sources */,
				26385C742B3272F500FD98AE /* ChatView.swift in Sources */,
				26385C7E2B357A7400FD98AE /* Message.swift in Sources */,
				26385C662B3272AE00FD98AE /* chatappApp.swift in Sources */,
				26385C762B33B43600FD98AE /* MessageRow.swift in Sources */,
			);
			runOnlyForDeploymentPostprocessing = 0;
		};
/* End PBXSourcesBuildPhase section */

/* Begin XCBuildConfiguration section */
		26385C6E2B3272AF00FD98AE /* Debug */ = {
			isa = XCBuildConfiguration;
			buildSettings = {
				ALWAYS_SEARCH_USER_PATHS = NO;
				ASSETCATALOG_COMPILER_GENERATE_SWIFT_ASSET_SYMBOL_EXTENSIONS = YES;
				CLANG_ANALYZER_NONNULL = YES;
				CLANG_ANALYZER_NUMBER_OBJECT_CONVERSION = YES_AGGRESSIVE;
				CLANG_CXX_LANGUAGE_STANDARD = "gnu++20";
				CLANG_ENABLE_MODULES = YES;
				CLANG_ENABLE_OBJC_ARC = YES;
				CLANG_ENABLE_OBJC_WEAK = YES;
				CLANG_WARN_BLOCK_CAPTURE_AUTORELEASING = YES;
				CLANG_WARN_BOOL_CONVERSION = YES;
				CLANG_WARN_COMMA = YES;
				CLANG_WARN_CONSTANT_CONVERSION = YES;
				CLANG_WARN_DEPRECATED_OBJC_IMPLEMENTATIONS = YES;
				CLANG_WARN_DIRECT_OBJC_ISA_USAGE = YES_ERROR;
				CLANG_WARN_DOCUMENTATION_COMMENTS = YES;
				CLANG_WARN_EMPTY_BODY = YES;
				CLANG_WARN_ENUM_CONVERSION = YES;
				CLANG_WARN_INFINITE_RECURSION = YES;
				CLANG_WARN_INT_CONVERSION = YES;
				CLANG_WARN_NON_LITERAL_NULL_CONVERSION = YES;
				CLANG_WARN_OBJC_IMPLICIT_RETAIN_SELF = YES;
				CLANG_WARN_OBJC_LITERAL_CONVERSION = YES;
				CLANG_WARN_OBJC_ROOT_CLASS = YES_ERROR;
				CLANG_WARN_QUOTED_INCLUDE_IN_FRAMEWORK_HEADER = YES;
				CLANG_WARN_RANGE_LOOP_ANALYSIS = YES;
				CLANG_WARN_STRICT_PROTOTYPES = YES;
				CLANG_WARN_SUSPICIOUS_MOVE = YES;
				CLANG_WARN_UNGUARDED_AVAILABILITY = YES_AGGRESSIVE;
				CLANG_WARN_UNREACHABLE_CODE = YES;
				CLANG_WARN__DUPLICATE_METHOD_MATCH = YES;
				COPY_PHASE_STRIP = NO;
				DEBUG_INFORMATION_FORMAT = dwarf;
				ENABLE_STRICT_OBJC_MSGSEND = YES;
				ENABLE_TESTABILITY = YES;
				ENABLE_USER_SCRIPT_SANDBOXING = YES;
				GCC_C_LANGUAGE_STANDARD = gnu17;
				GCC_DYNAMIC_NO_PIC = NO;
				GCC_NO_COMMON_BLOCKS = YES;
				GCC_OPTIMIZATION_LEVEL = 0;
				GCC_PREPROCESSOR_DEFINITIONS = (
					"DEBUG=1",
					"$(inherited)",
				);
				GCC_WARN_64_TO_32_BIT_CONVERSION = YES;
				GCC_WARN_ABOUT_RETURN_TYPE = YES_ERROR;
				GCC_WARN_UNDECLARED_SELECTOR = YES;
				GCC_WARN_UNINITIALIZED_AUTOS = YES_AGGRESSIVE;
				GCC_WARN_UNUSED_FUNCTION = YES;
				GCC_WARN_UNUSED_VARIABLE = YES;
				IPHONEOS_DEPLOYMENT_TARGET = 17.0;
				LOCALIZATION_PREFERS_STRING_CATALOGS = YES;
				MTL_ENABLE_DEBUG_INFO = INCLUDE_SOURCE;
				MTL_FAST_MATH = YES;
				ONLY_ACTIVE_ARCH = YES;
				SDKROOT = iphoneos;
				SWIFT_ACTIVE_COMPILATION_CONDITIONS = "DEBUG $(inherited)";
				SWIFT_OPTIMIZATION_LEVEL = "-Onone";
			};
			name = Debug;
		};
		26385C6F2B3272AF00FD98AE /* Release */ = {
			isa = XCBuildConfiguration;
			buildSettings = {
				ALWAYS_SEARCH_USER_PATHS = NO;
				ASSETCATALOG_COMPILER_GENERATE_SWIFT_ASSET_SYMBOL_EXTENSIONS = YES;
				CLANG_ANALYZER_NONNULL = YES;
				CLANG_ANALYZER_NUMBER_OBJECT_CONVERSION = YES_AGGRESSIVE;
				CLANG_CXX_LANGUAGE_STANDARD = "gnu++20";
				CLANG_ENABLE_MODULES = YES;
				CLANG_ENABLE_OBJC_ARC = YES;
				CLANG_ENABLE_OBJC_WEAK = YES;
				CLANG_WARN_BLOCK_CAPTURE_AUTORELEASING = YES;
				CLANG_WARN_BOOL_CONVERSION = YES;
				CLANG_WARN_COMMA = YES;
				CLANG_WARN_CONSTANT_CONVERSION = YES;
				CLANG_WARN_DEPRECATED_OBJC_IMPLEMENTATIONS = YES;
				CLANG_WARN_DIRECT_OBJC_ISA_USAGE = YES_ERROR;
				CLANG_WARN_DOCUMENTATION_COMMENTS = YES;
				CLANG_WARN_EMPTY_BODY = YES;
				CLANG_WARN_ENUM_CONVERSION = YES;
				CLANG_WARN_INFINITE_RECURSION = YES;
				CLANG_WARN_INT_CONVERSION = YES;
				CLANG_WARN_NON_LITERAL_NULL_CONVERSION = YES;
				CLANG_WARN_OBJC_IMPLICIT_RETAIN_SELF = YES;
				CLANG_WARN_OBJC_LITERAL_CONVERSION = YES;
				CLANG_WARN_OBJC_ROOT_CLASS = YES_ERROR;
				CLANG_WARN_QUOTED_INCLUDE_IN_FRAMEWORK_HEADER = YES;
				CLANG_WARN_RANGE_LOOP_ANALYSIS = YES;
				CLANG_WARN_STRICT_PROTOTYPES = YES;
				CLANG_WARN_SUSPICIOUS_MOVE = YES;
				CLANG_WARN_UNGUARDED_AVAILABILITY = YES_AGGRESSIVE;
				CLANG_WARN_UNREACHABLE_CODE = YES;
				CLANG_WARN__DUPLICATE_METHOD_MATCH = YES;
				COPY_PHASE_STRIP = NO;
				DEBUG_INFORMATION_FORMAT = "dwarf-with-dsym";
				ENABLE_NS_ASSERTIONS = NO;
				ENABLE_STRICT_OBJC_MSGSEND = YES;
				ENABLE_USER_SCRIPT_SANDBOXING = YES;
				GCC_C_LANGUAGE_STANDARD = gnu17;
				GCC_NO_COMMON_BLOCKS = YES;
				GCC_WARN_64_TO_32_BIT_CONVERSION = YES;
				GCC_WARN_ABOUT_RETURN_TYPE = YES_ERROR;
				GCC_WARN_UNDECLARED_SELECTOR = YES;
				GCC_WARN_UNINITIALIZED_AUTOS = YES_AGGRESSIVE;
				GCC_WARN_UNUSED_FUNCTION = YES;
				GCC_WARN_UNUSED_VARIABLE = YES;
				IPHONEOS_DEPLOYMENT_TARGET = 17.0;
				LOCALIZATION_PREFERS_STRING_CATALOGS = YES;
				MTL_ENABLE_DEBUG_INFO = NO;
				MTL_FAST_MATH = YES;
				SDKROOT = iphoneos;
				SWIFT_COMPILATION_MODE = wholemodule;
				VALIDATE_PRODUCT = YES;
			};
			name = Release;
		};
		26385C712B3272AF00FD98AE /* Debug */ = {
			isa = XCBuildConfiguration;
			buildSettings = {
				ASSETCATALOG_COMPILER_APPICON_NAME = AppIcon;
				ASSETCATALOG_COMPILER_GLOBAL_ACCENT_COLOR_NAME = AccentColor;
				CODE_SIGN_STYLE = Automatic;
				CURRENT_PROJECT_VERSION = 1;
				DEVELOPMENT_ASSET_PATHS = "\"chatapp/Preview Content\"";
				DEVELOPMENT_TEAM = 32SHU9A97T;
				ENABLE_PREVIEWS = YES;
				GENERATE_INFOPLIST_FILE = YES;
				INFOPLIST_KEY_UIApplicationSceneManifest_Generation = YES;
				INFOPLIST_KEY_UIApplicationSupportsIndirectInputEvents = YES;
				INFOPLIST_KEY_UILaunchScreen_Generation = YES;
				INFOPLIST_KEY_UISupportedInterfaceOrientations_iPad = "UIInterfaceOrientationPortrait UIInterfaceOrientationPortraitUpsideDown UIInterfaceOrientationLandscapeLeft UIInterfaceOrientationLandscapeRight";
				INFOPLIST_KEY_UISupportedInterfaceOrientations_iPhone = "UIInterfaceOrientationPortrait UIInterfaceOrientationLandscapeLeft UIInterfaceOrientationLandscapeRight";
				LD_RUNPATH_SEARCH_PATHS = (
					"$(inherited)",
					"@executable_path/Frameworks",
				);
				MARKETING_VERSION = 1.0;
				PRODUCT_BUNDLE_IDENTIFIER = kt.chatapp;
				PRODUCT_NAME = "$(TARGET_NAME)";
				SWIFT_EMIT_LOC_STRINGS = YES;
				SWIFT_VERSION = 5.0;
				TARGETED_DEVICE_FAMILY = "1,2";
			};
			name = Debug;
		};
		26385C722B3272AF00FD98AE /* Release */ = {
			isa = XCBuildConfiguration;
			buildSettings = {
				ASSETCATALOG_COMPILER_APPICON_NAME = AppIcon;
				ASSETCATALOG_COMPILER_GLOBAL_ACCENT_COLOR_NAME = AccentColor;
				CODE_SIGN_STYLE = Automatic;
				CURRENT_PROJECT_VERSION = 1;
				DEVELOPMENT_ASSET_PATHS = "\"chatapp/Preview Content\"";
				DEVELOPMENT_TEAM = 32SHU9A97T;
				ENABLE_PREVIEWS = YES;
				GENERATE_INFOPLIST_FILE = YES;
				INFOPLIST_KEY_UIApplicationSceneManifest_Generation = YES;
				INFOPLIST_KEY_UIApplicationSupportsIndirectInputEvents = YES;
				INFOPLIST_KEY_UILaunchScreen_Generation = YES;
				INFOPLIST_KEY_UISupportedInterfaceOrientations_iPad = "UIInterfaceOrientationPortrait UIInterfaceOrientationPortraitUpsideDown UIInterfaceOrientationLandscapeLeft UIInterfaceOrientationLandscapeRight";
				INFOPLIST_KEY_UISupportedInterfaceOrientations_iPhone = "UIInterfaceOrientationPortrait UIInterfaceOrientationLandscapeLeft UIInterfaceOrientationLandscapeRight";
				LD_RUNPATH_SEARCH_PATHS = (
					"$(inherited)",
					"@executable_path/Frameworks",
				);
				MARKETING_VERSION = 1.0;
				PRODUCT_BUNDLE_IDENTIFIER = kt.chatapp;
				PRODUCT_NAME = "$(TARGET_NAME)";
				SWIFT_EMIT_LOC_STRINGS = YES;
				SWIFT_VERSION = 5.0;
				TARGETED_DEVICE_FAMILY = "1,2";
			};
			name = Release;
		};
/* End XCBuildConfiguration section */

/* Begin XCConfigurationList section */
		26385C5D2B3272AE00FD98AE /* Build configuration list for PBXProject "chatapp" */ = {
			isa = XCConfigurationList;
			buildConfigurations = (
				26385C6E2B3272AF00FD98AE /* Debug */,
				26385C6F2B3272AF00FD98AE /* Release */,
			);
			defaultConfigurationIsVisible = 0;
			defaultConfigurationName = Release;
		};
		26385C702B3272AF00FD98AE /* Build configuration list for PBXNativeTarget "chatapp" */ = {
			isa = XCConfigurationList;
			buildConfigurations = (
				26385C712B3272AF00FD98AE /* Debug */,
				26385C722B3272AF00FD98AE /* Release */,
			);
			defaultConfigurationIsVisible = 0;
			defaultConfigurationName = Release;
		};
/* End XCConfigurationList section */
	};
	rootObject = 26385C5A2B3272AE00FD98AE /* Project object */;
}
